
Microsoft Visual Studio Solution File, Format Version 12.00
# Visual Studio 15
VisualStudioVersion = 15.0.26124.0
MinimumVisualStudioVersion = 15.0.26124.0
Project("{2150E333-8FDC-42A3-9474-1A3956D46DE8}") = "src", "src", "{66C7485D-9291-4AFB-8523-AD908AC03FBA}"
EndProject
Project("{FAE04EC0-301F-11D3-BF4B-00C04F79EFBC}") = "Manager.Domain", "src\2 - Manager.Domain\Manager.Domain.csproj", "{D4190020-62B7-4DAC-AFF0-10AC2C5B4D22}"
EndProject
Project("{FAE04EC0-301F-11D3-BF4B-00C04F79EFBC}") = "Manager.API", "src\1 - Manager.API\Manager.API.csproj", "{DE1CD85E-A452-4DCD-B7A9-C042D52CD6A1}"
EndProject
Project("{FAE04EC0-301F-11D3-BF4B-00C04F79EFBC}") = "Manager.Services", "src\3 - Manager.Services\Manager.Services.csproj", "{D7A2F625-EF01-42C1-8C9E-96E536A8860D}"
EndProject
Project("{FAE04EC0-301F-11D3-BF4B-00C04F79EFBC}") = "Manager.Infra", "src\4 - Manager.Infra\Manager.Infra.csproj", "{9F01F138-F482-4ED1-A097-63EEC2806E9F}"
EndProject
Project("{FAE04EC0-301F-11D3-BF4B-00C04F79EFBC}") = "Manager.Core", "src\5 - Manager.Core\Manager.Core.csproj", "{7CC5A342-3FA7-494C-BA52-5FF107B2F4CE}"
EndProject
Global
	GlobalSection(SolutionConfigurationPlatforms) = preSolution
		Debug|Any CPU = Debug|Any CPU
		Debug|x64 = Debug|x64
		Debug|x86 = Debug|x86
		Release|Any CPU = Release|Any CPU
		Release|x64 = Release|x64
		Release|x86 = Release|x86
	EndGlobalSection
	GlobalSection(SolutionProperties) = preSolution
		HideSolutionNode = FALSE
	EndGlobalSection
	GlobalSection(ProjectConfigurationPlatforms) = postSolution
		{D4190020-62B7-4DAC-AFF0-10AC2C5B4D22}.Debug|Any CPU.ActiveCfg = Debug|Any CPU
		{D4190020-62B7-4DAC-AFF0-10AC2C5B4D22}.Debug|Any CPU.Build.0 = Debug|Any CPU
		{D4190020-62B7-4DAC-AFF0-10AC2C5B4D22}.Debug|x64.ActiveCfg = Debug|Any CPU
		{D4190020-62B7-4DAC-AFF0-10AC2C5B4D22}.Debug|x64.Build.0 = Debug|Any CPU
		{D4190020-62B7-4DAC-AFF0-10AC2C5B4D22}.Debug|x86.ActiveCfg = Debug|Any CPU
		{D4190020-62B7-4DAC-AFF0-10AC2C5B4D22}.Debug|x86.Build.0 = Debug|Any CPU
		{D4190020-62B7-4DAC-AFF0-10AC2C5B4D22}.Release|Any CPU.ActiveCfg = Release|Any CPU
		{D4190020-62B7-4DAC-AFF0-10AC2C5B4D22}.Release|Any CPU.Build.0 = Release|Any CPU
		{D4190020-62B7-4DAC-AFF0-10AC2C5B4D22}.Release|x64.ActiveCfg = Release|Any CPU
		{D4190020-62B7-4DAC-AFF0-10AC2C5B4D22}.Release|x64.Build.0 = Release|Any CPU
		{D4190020-62B7-4DAC-AFF0-10AC2C5B4D22}.Release|x86.ActiveCfg = Release|Any CPU
		{D4190020-62B7-4DAC-AFF0-10AC2C5B4D22}.Release|x86.Build.0 = Release|Any CPU
		{DE1CD85E-A452-4DCD-B7A9-C042D52CD6A1}.Debug|Any CPU.ActiveCfg = Debug|Any CPU
		{DE1CD85E-A452-4DCD-B7A9-C042D52CD6A1}.Debug|Any CPU.Build.0 = Debug|Any CPU
		{DE1CD85E-A452-4DCD-B7A9-C042D52CD6A1}.Debug|x64.ActiveCfg = Debug|Any CPU
		{DE1CD85E-A452-4DCD-B7A9-C042D52CD6A1}.Debug|x64.Build.0 = Debug|Any CPU
		{DE1CD85E-A452-4DCD-B7A9-C042D52CD6A1}.Debug|x86.ActiveCfg = Debug|Any CPU
		{DE1CD85E-A452-4DCD-B7A9-C042D52CD6A1}.Debug|x86.Build.0 = Debug|Any CPU
		{DE1CD85E-A452-4DCD-B7A9-C042D52CD6A1}.Release|Any CPU.ActiveCfg = Release|Any CPU
		{DE1CD85E-A452-4DCD-B7A9-C042D52CD6A1}.Release|Any CPU.Build.0 = Release|Any CPU
		{DE1CD85E-A452-4DCD-B7A9-C042D52CD6A1}.Release|x64.ActiveCfg = Release|Any CPU
		{DE1CD85E-A452-4DCD-B7A9-C042D52CD6A1}.Release|x64.Build.0 = Release|Any CPU
		{DE1CD85E-A452-4DCD-B7A9-C042D52CD6A1}.Release|x86.ActiveCfg = Release|Any CPU
		{DE1CD85E-A452-4DCD-B7A9-C042D52CD6A1}.Release|x86.Build.0 = Release|Any CPU
		{D7A2F625-EF01-42C1-8C9E-96E536A8860D}.Debug|Any CPU.ActiveCfg = Debug|Any CPU
		{D7A2F625-EF01-42C1-8C9E-96E536A8860D}.Debug|Any CPU.Build.0 = Debug|Any CPU
		{D7A2F625-EF01-42C1-8C9E-96E536A8860D}.Debug|x64.ActiveCfg = Debug|Any CPU
		{D7A2F625-EF01-42C1-8C9E-96E536A8860D}.Debug|x64.Build.0 = Debug|Any CPU
		{D7A2F625-EF01-42C1-8C9E-96E536A8860D}.Debug|x86.ActiveCfg = Debug|Any CPU
		{D7A2F625-EF01-42C1-8C9E-96E536A8860D}.Debug|x86.Build.0 = Debug|Any CPU
		{D7A2F625-EF01-42C1-8C9E-96E536A8860D}.Release|Any CPU.ActiveCfg = Release|Any CPU
		{D7A2F625-EF01-42C1-8C9E-96E536A8860D}.Release|Any CPU.Build.0 = Release|Any CPU
		{D7A2F625-EF01-42C1-8C9E-96E536A8860D}.Release|x64.ActiveCfg = Release|Any CPU
		{D7A2F625-EF01-42C1-8C9E-96E536A8860D}.Release|x64.Build.0 = Release|Any CPU
		{D7A2F625-EF01-42C1-8C9E-96E536A8860D}.Release|x86.ActiveCfg = Release|Any CPU
		{D7A2F625-EF01-42C1-8C9E-96E536A8860D}.Release|x86.Build.0 = Release|Any CPU
		{9F01F138-F482-4ED1-A097-63EEC2806E9F}.Debug|Any CPU.ActiveCfg = Debug|Any CPU
		{9F01F138-F482-4ED1-A097-63EEC2806E9F}.Debug|Any CPU.Build.0 = Debug|Any CPU
		{9F01F138-F482-4ED1-A097-63EEC2806E9F}.Debug|x64.ActiveCfg = Debug|Any CPU
		{9F01F138-F482-4ED1-A097-63EEC2806E9F}.Debug|x64.Build.0 = Debug|Any CPU
		{9F01F138-F482-4ED1-A097-63EEC2806E9F}.Debug|x86.ActiveCfg = Debug|Any CPU
		{9F01F138-F482-4ED1-A097-63EEC2806E9F}.Debug|x86.Build.0 = Debug|Any CPU
		{9F01F138-F482-4ED1-A097-63EEC2806E9F}.Release|Any CPU.ActiveCfg = Release|Any CPU
		{9F01F138-F482-4ED1-A097-63EEC2806E9F}.Release|Any CPU.Build.0 = Release|Any CPU
		{9F01F138-F482-4ED1-A097-63EEC2806E9F}.Release|x64.ActiveCfg = Release|Any CPU
		{9F01F138-F482-4ED1-A097-63EEC2806E9F}.Release|x64.Build.0 = Release|Any CPU
		{9F01F138-F482-4ED1-A097-63EEC2806E9F}.Release|x86.ActiveCfg = Release|Any CPU
		{9F01F138-F482-4ED1-A097-63EEC2806E9F}.Release|x86.Build.0 = Release|Any CPU
		{7CC5A342-3FA7-494C-BA52-5FF107B2F4CE}.Debug|Any CPU.ActiveCfg = Debug|Any CPU
		{7CC5A342-3FA7-494C-BA52-5FF107B2F4CE}.Debug|Any CPU.Build.0 = Debug|Any CPU
		{7CC5A342-3FA7-494C-BA52-5FF107B2F4CE}.Debug|x64.ActiveCfg = Debug|Any CPU
		{7CC5A342-3FA7-494C-BA52-5FF107B2F4CE}.Debug|x64.Build.0 = Debug|Any CPU
		{7CC5A342-3FA7-494C-BA52-5FF107B2F4CE}.Debug|x86.ActiveCfg = Debug|Any CPU
		{7CC5A342-3FA7-494C-BA52-5FF107B2F4CE}.Debug|x86.Build.0 = Debug|Any CPU
		{7CC5A342-3FA7-494C-BA52-5FF107B2F4CE}.Release|Any CPU.ActiveCfg = Release|Any CPU
		{7CC5A342-3FA7-494C-BA52-5FF107B2F4CE}.Release|Any CPU.Build.0 = Release|Any CPU
		{7CC5A342-3FA7-494C-BA52-5FF107B2F4CE}.Release|x64.ActiveCfg = Release|Any CPU
		{7CC5A342-3FA7-494C-BA52-5FF107B2F4CE}.Release|x64.Build.0 = Release|Any CPU
		{7CC5A342-3FA7-494C-BA52-5FF107B2F4CE}.Release|x86.ActiveCfg = Release|Any CPU
		{7CC5A342-3FA7-494C-BA52-5FF107B2F4CE}.Release|x86.Build.0 = Release|Any CPU
	EndGlobalSection
	GlobalSection(NestedProjects) = preSolution
		{D4190020-62B7-4DAC-AFF0-10AC2C5B4D22} = {66C7485D-9291-4AFB-8523-AD908AC03FBA}
		{DE1CD85E-A452-4DCD-B7A9-C042D52CD6A1} = {66C7485D-9291-4AFB-8523-AD908AC03FBA}
		{D7A2F625-EF01-42C1-8C9E-96E536A8860D} = {66C7485D-9291-4AFB-8523-AD908AC03FBA}
		{9F01F138-F482-4ED1-A097-63EEC2806E9F} = {66C7485D-9291-4AFB-8523-AD908AC03FBA}
		{7CC5A342-3FA7-494C-BA52-5FF107B2F4CE} = {66C7485D-9291-4AFB-8523-AD908AC03FBA}
	EndGlobalSection
EndGlobal
